
Microsoft Visual Studio Solution File, Format Version 12.00
# Visual Studio Version 17
VisualStudioVersion = 17.9.34728.123
MinimumVisualStudioVersion = 10.0.40219.1
Project("{FAE04EC0-301F-11D3-BF4B-00C04F79EFBC}") = "BarberShop_Api", "BarberShop_Api\BarberShop_Api.csproj", "{2E580C3E-9DEA-4FF8-BAC8-95B6101B3375}"
EndProject
Global
	GlobalSection(SolutionConfigurationPlatforms) = preSolution
		Debug|Any CPU = Debug|Any CPU
		Release|Any CPU = Release|Any CPU
	EndGlobalSection
	GlobalSection(ProjectConfigurationPlatforms) = postSolution
		{2E580C3E-9DEA-4FF8-BAC8-95B6101B3375}.Debug|Any CPU.ActiveCfg = Debug|Any CPU
		{2E580C3E-9DEA-4FF8-BAC8-95B6101B3375}.Debug|Any CPU.Build.0 = Debug|Any CPU
		{2E580C3E-9DEA-4FF8-BAC8-95B6101B3375}.Release|Any CPU.ActiveCfg = Release|Any CPU
		{2E580C3E-9DEA-4FF8-BAC8-95B6101B3375}.Release|Any CPU.Build.0 = Release|Any CPU
	EndGlobalSection
	GlobalSection(SolutionProperties) = preSolution
		HideSolutionNode = FALSE
	EndGlobalSection
	GlobalSection(ExtensibilityGlobals) = postSolution
		SolutionGuid = {AEE08CF4-0740-4A60-B119-924F3B8CACBF}
	EndGlobalSection
EndGlobal
